
Microsoft Visual Studio Solution File, Format Version 12.00
# Visual Studio Version 17
VisualStudioVersion = 17.9.34616.47
MinimumVisualStudioVersion = 10.0.40219.1
Project("{8BC9CEB8-8B4A-11D0-8D11-00A0C91BC942}") = "NecromancyEngineV2", "NecromancyEngineV2\NecromancyEngineV2.vcxproj", "{7271C3E9-E771-4FB9-9DBA-E7E82CF0927B}"
EndProject
Project("{8BC9CEB8-8B4A-11D0-8D11-00A0C91BC942}") = "NecromancyMessages", "NecromancyMessages\NecromancyMessages.vcxproj", "{E82E41CD-415C-4CE7-AE0C-C061460C0619}"
EndProject
Project("{8BC9CEB8-8B4A-11D0-8D11-00A0C91BC942}") = "NecromancyLoader", "NecromancyLoader\NecromancyLoader.vcxproj", "{AE2407ED-17AF-4CEA-BDA4-8375DE064F2E}"
EndProject
Project("{8BC9CEB8-8B4A-11D0-8D11-00A0C91BC942}") = "InjectHelper32", "InjectHelper32\InjectHelper32.vcxproj", "{E0A3A8D8-3EE1-4929-BDE0-3B96DBA50DE1}"
EndProject
Global
	GlobalSection(SolutionConfigurationPlatforms) = preSolution
		Debug|x64 = Debug|x64
		Debug|x86 = Debug|x86
		DebugDeploy|x64 = DebugDeploy|x64
		DebugDeploy|x86 = DebugDeploy|x86
		Release|x64 = Release|x64
		Release|x86 = Release|x86
	EndGlobalSection
	GlobalSection(ProjectConfigurationPlatforms) = postSolution
		{7271C3E9-E771-4FB9-9DBA-E7E82CF0927B}.Debug|x64.ActiveCfg = Debug|Win32
		{7271C3E9-E771-4FB9-9DBA-E7E82CF0927B}.Debug|x64.Build.0 = Debug|Win32
		{7271C3E9-E771-4FB9-9DBA-E7E82CF0927B}.Debug|x86.ActiveCfg = Debug|Win32
		{7271C3E9-E771-4FB9-9DBA-E7E82CF0927B}.Debug|x86.Build.0 = Debug|Win32
		{7271C3E9-E771-4FB9-9DBA-E7E82CF0927B}.DebugDeploy|x64.ActiveCfg = DebugDeploy|Win32
		{7271C3E9-E771-4FB9-9DBA-E7E82CF0927B}.DebugDeploy|x64.Build.0 = DebugDeploy|Win32
		{7271C3E9-E771-4FB9-9DBA-E7E82CF0927B}.DebugDeploy|x86.ActiveCfg = DebugDeploy|Win32
		{7271C3E9-E771-4FB9-9DBA-E7E82CF0927B}.DebugDeploy|x86.Build.0 = DebugDeploy|Win32
		{7271C3E9-E771-4FB9-9DBA-E7E82CF0927B}.Release|x64.ActiveCfg = Release|x64
		{7271C3E9-E771-4FB9-9DBA-E7E82CF0927B}.Release|x64.Build.0 = Release|x64
		{7271C3E9-E771-4FB9-9DBA-E7E82CF0927B}.Release|x86.ActiveCfg = Release|Win32
		{7271C3E9-E771-4FB9-9DBA-E7E82CF0927B}.Release|x86.Build.0 = Release|Win32
		{E82E41CD-415C-4CE7-AE0C-C061460C0619}.Debug|x64.ActiveCfg = Debug|x64
		{E82E41CD-415C-4CE7-AE0C-C061460C0619}.Debug|x64.Build.0 = Debug|x64
		{E82E41CD-415C-4CE7-AE0C-C061460C0619}.Debug|x86.ActiveCfg = Debug|Win32
		{E82E41CD-415C-4CE7-AE0C-C061460C0619}.Debug|x86.Build.0 = Debug|Win32
		{E82E41CD-415C-4CE7-AE0C-C061460C0619}.DebugDeploy|x64.ActiveCfg = DebugDeploy|x64
		{E82E41CD-415C-4CE7-AE0C-C061460C0619}.DebugDeploy|x64.Build.0 = DebugDeploy|x64
		{E82E41CD-415C-4CE7-AE0C-C061460C0619}.DebugDeploy|x86.ActiveCfg = DebugDeploy|Win32
		{E82E41CD-415C-4CE7-AE0C-C061460C0619}.DebugDeploy|x86.Build.0 = DebugDeploy|Win32
		{E82E41CD-415C-4CE7-AE0C-C061460C0619}.Release|x64.ActiveCfg = Release|x64
		{E82E41CD-415C-4CE7-AE0C-C061460C0619}.Release|x64.Build.0 = Release|x64
		{E82E41CD-415C-4CE7-AE0C-C061460C0619}.Release|x86.ActiveCfg = Release|Win32
		{E82E41CD-415C-4CE7-AE0C-C061460C0619}.Release|x86.Build.0 = Release|Win32
		{AE2407ED-17AF-4CEA-BDA4-8375DE064F2E}.Debug|x64.ActiveCfg = Debug|x64
		{AE2407ED-17AF-4CEA-BDA4-8375DE064F2E}.Debug|x64.Build.0 = Debug|x64
		{AE2407ED-17AF-4CEA-BDA4-8375DE064F2E}.Debug|x86.ActiveCfg = Debug|x64
		{AE2407ED-17AF-4CEA-BDA4-8375DE064F2E}.Debug|x86.Build.0 = Debug|x64
		{AE2407ED-17AF-4CEA-BDA4-8375DE064F2E}.DebugDeploy|x64.ActiveCfg = DebugDeploy|x64
		{AE2407ED-17AF-4CEA-BDA4-8375DE064F2E}.DebugDeploy|x64.Build.0 = DebugDeploy|x64
		{AE2407ED-17AF-4CEA-BDA4-8375DE064F2E}.DebugDeploy|x86.ActiveCfg = DebugDeploy|x64
		{AE2407ED-17AF-4CEA-BDA4-8375DE064F2E}.DebugDeploy|x86.Build.0 = DebugDeploy|x64
		{AE2407ED-17AF-4CEA-BDA4-8375DE064F2E}.Release|x64.ActiveCfg = Release|x64
		{AE2407ED-17AF-4CEA-BDA4-8375DE064F2E}.Release|x64.Build.0 = Release|x64
		{AE2407ED-17AF-4CEA-BDA4-8375DE064F2E}.Release|x86.ActiveCfg = Release|x64
		{AE2407ED-17AF-4CEA-BDA4-8375DE064F2E}.Release|x86.Build.0 = Release|x64
		{E0A3A8D8-3EE1-4929-BDE0-3B96DBA50DE1}.Debug|x64.ActiveCfg = Debug|Win32
		{E0A3A8D8-3EE1-4929-BDE0-3B96DBA50DE1}.Debug|x64.Build.0 = Debug|Win32
		{E0A3A8D8-3EE1-4929-BDE0-3B96DBA50DE1}.Debug|x86.ActiveCfg = Debug|Win32
		{E0A3A8D8-3EE1-4929-BDE0-3B96DBA50DE1}.Debug|x86.Build.0 = Debug|Win32
		{E0A3A8D8-3EE1-4929-BDE0-3B96DBA50DE1}.DebugDeploy|x64.ActiveCfg = DebugDeploy|Win32
		{E0A3A8D8-3EE1-4929-BDE0-3B96DBA50DE1}.DebugDeploy|x64.Build.0 = DebugDeploy|Win32
		{E0A3A8D8-3EE1-4929-BDE0-3B96DBA50DE1}.DebugDeploy|x86.ActiveCfg = DebugDeploy|Win32
		{E0A3A8D8-3EE1-4929-BDE0-3B96DBA50DE1}.DebugDeploy|x86.Build.0 = DebugDeploy|Win32
		{E0A3A8D8-3EE1-4929-BDE0-3B96DBA50DE1}.Release|x64.ActiveCfg = Release|x64
		{E0A3A8D8-3EE1-4929-BDE0-3B96DBA50DE1}.Release|x64.Build.0 = Release|x64
		{E0A3A8D8-3EE1-4929-BDE0-3B96DBA50DE1}.Release|x86.ActiveCfg = Release|Win32
		{E0A3A8D8-3EE1-4929-BDE0-3B96DBA50DE1}.Release|x86.Build.0 = Release|Win32
	EndGlobalSection
	GlobalSection(SolutionProperties) = preSolution
		HideSolutionNode = FALSE
	EndGlobalSection
	GlobalSection(ExtensibilityGlobals) = postSolution
		SolutionGuid = {BBD5E503-9E5E-4185-ABB7-4A048FCB2331}
	EndGlobalSection
EndGlobal
