<?xml version="1.0" encoding="utf-8"?>
<Project ToolsVersion="4.0" xmlns="http://schemas.microsoft.com/developer/msbuild/2003">
  <ItemGroup>
    <Filter Include="Source Files">
      <UniqueIdentifier>{4FC737F1-C7A5-4376-A066-2A32D752A2FF}</UniqueIdentifier>
      <Extensions>qml;cpp;c;cc;cxx;def;odl;idl;hpj;bat;asm;asmx</Extensions>
    </Filter>
    <Filter Include="Header Files">
      <UniqueIdentifier>{93995380-89BD-4b04-88EB-625FBE52EBFB}</UniqueIdentifier>
      <Extensions>h;hh;hpp;hxx;hm;inl;inc;xsd</Extensions>
    </Filter>
    <Filter Include="Resource Files">
      <UniqueIdentifier>{67DA6AB6-F800-4c08-8B7A-83BB121AAD01}</UniqueIdentifier>
      <Extensions>qrc;rc;ico;cur;bmp;dlg;rc2;rct;bin;rgs;gif;jpg;jpeg;jpe;resx;tiff;tif;png;wav;mfcribbon-ms</Extensions>
    </Filter>
    <Filter Include="Form Files">
      <UniqueIdentifier>{99349809-55BA-4b9d-BF79-8FDBB0286EB3}</UniqueIdentifier>
      <Extensions>ui</Extensions>
    </Filter>
    <Filter Include="Translation Files">
      <UniqueIdentifier>{639EADAA-A684-42e4-A9AD-28FC9BCB8F7C}</UniqueIdentifier>
      <Extensions>ts</Extensions>
    </Filter>
    <Filter Include="Header Files\socketbroadcast">
      <UniqueIdentifier>{8f3de8ce-fb4a-4d20-87ac-20adde89324c}</UniqueIdentifier>
    </Filter>
    <Filter Include="Source Files\socketbroadcast">
      <UniqueIdentifier>{10bb2e05-3584-4dff-b5cf-6930a46a01dd}</UniqueIdentifier>
    </Filter>
    <Filter Include="Header Files\dllinjection">
      <UniqueIdentifier>{cf6773f2-68fa-432f-a4d7-a5f56fba17cd}</UniqueIdentifier>
    </Filter>
    <Filter Include="Source Files\dllinjection">
      <UniqueIdentifier>{7306be47-aeaf-4452-9074-a713c6f88aee}</UniqueIdentifier>
    </Filter>
    <Filter Include="Header Files\qol">
      <UniqueIdentifier>{0c03a2ce-a9fd-4401-957b-9dc02f900a1e}</UniqueIdentifier>
    </Filter>
    <Filter Include="Header Files\process">
      <UniqueIdentifier>{f2cd31af-1035-4401-819f-ef2b76ae196a}</UniqueIdentifier>
    </Filter>
    <Filter Include="Source Files\process">
      <UniqueIdentifier>{a0d0f4fc-61d6-45d6-b8c8-f0bec4fe6236}</UniqueIdentifier>
    </Filter>
    <Filter Include="Header Files\ipc">
      <UniqueIdentifier>{128dd635-62c9-493a-b81e-8703cf8a1000}</UniqueIdentifier>
    </Filter>
    <Filter Include="Source Files\ipc">
      <UniqueIdentifier>{9b4f2198-838a-4483-b490-6e075290346f}</UniqueIdentifier>
    </Filter>
    <Filter Include="Header Files\ui">
      <UniqueIdentifier>{3bb5c3e0-c12c-4dfc-bc5d-cef29fd7cfde}</UniqueIdentifier>
    </Filter>
    <Filter Include="Source Files\ui">
      <UniqueIdentifier>{8091a27e-abfe-4392-aec1-b72b166532d7}</UniqueIdentifier>
    </Filter>
  </ItemGroup>
  <ItemGroup>
    <QtRcc Include="necromancyloaderwindow.qrc">
      <Filter>Resource Files</Filter>
    </QtRcc>
    <QtUic Include="necromancyloaderwindow.ui">
      <Filter>Form Files</Filter>
    </QtUic>
    <QtMoc Include="necromancyloaderwindow.h">
      <Filter>Header Files</Filter>
    </QtMoc>
    <ClCompile Include="necromancyloaderwindow.cpp">
      <Filter>Source Files</Filter>
    </ClCompile>
    <None Include="NecromancyLoader.ico">
      <Filter>Resource Files</Filter>
    </None>
    <ResourceCompile Include="NecromancyLoader.rc">
      <Filter>Resource Files</Filter>
    </ResourceCompile>
    <ClInclude Include="pch.h">
      <Filter>Header Files</Filter>
    </ClInclude>
    <ClCompile Include="pch.cpp">
      <Filter>Source Files</Filter>
    </ClCompile>
  </ItemGroup>
  <ItemGroup>
    <ClCompile Include="main.cpp">
      <Filter>Source Files</Filter>
    </ClCompile>
    <ClCompile Include="windefprettify.cpp">
      <Filter>Source Files\dllinjection</Filter>
    </ClCompile>
    <ClCompile Include="injector.cpp">
      <Filter>Source Files\dllinjection</Filter>
    </ClCompile>
    <ClCompile Include="privileges.cpp">
      <Filter>Source Files</Filter>
    </ClCompile>
    <ClCompile Include="processinfo.cpp">
      <Filter>Source Files\process</Filter>
    </ClCompile>
    <ClCompile Include="processutils.cpp">
      <Filter>Source Files\process</Filter>
    </ClCompile>
    <ClCompile Include="processhelper.cpp">
      <Filter>Source Files\dllinjection</Filter>
    </ClCompile>
    <ClCompile Include="sharedmemoryreader.cpp">
      <Filter>Source Files\ipc</Filter>
    </ClCompile>
    <ClCompile Include="websocketbroadcastserver.cpp">
      <Filter>Header Files\socketbroadcast</Filter>
    </ClCompile>
    <ClCompile Include="websocketbroadcastserver.cpp">
      <Filter>Source Files\socketbroadcast</Filter>
    </ClCompile>
    <ClCompile Include="draghandler.cpp">
      <Filter>Header Files\ui</Filter>
    </ClCompile>
    <ClCompile Include="draghandler.cpp">
      <Filter>Source Files\ui</Filter>
    </ClCompile>
  </ItemGroup>
  <ItemGroup>
    <ClInclude Include="windefprettify.h">
      <Filter>Header Files\dllinjection</Filter>
    </ClInclude>
    <ClInclude Include="privileges.h">
      <Filter>Header Files</Filter>
    </ClInclude>
    <ClInclude Include="propertymacro.h">
      <Filter>Header Files\qol</Filter>
    </ClInclude>
    <ClInclude Include="processutils.h">
      <Filter>Header Files\dllinjection</Filter>
    </ClInclude>
  </ItemGroup>
  <ItemGroup>
    <None Include="mainwindow.qss">
      <Filter>Resource Files</Filter>
    </None>
    <None Include="messagebox.qss">
      <Filter>Resource Files</Filter>
    </None>
  </ItemGroup>
  <ItemGroup>
    <QtMoc Include="processinfo.h">
      <Filter>Header Files\process</Filter>
    </QtMoc>
    <QtMoc Include="processhelper.h">
      <Filter>Header Files\dllinjection</Filter>
    </QtMoc>
    <QtMoc Include="injector.h">
      <Filter>Header Files\dllinjection</Filter>
    </QtMoc>
    <QtMoc Include="sharedmemoryreader.h">
      <Filter>Header Files\ipc</Filter>
    </QtMoc>
    <QtMoc Include="websocketbroadcastserver.h">
      <Filter>Header Files\socketbroadcast</Filter>
    </QtMoc>
    <QtMoc Include="draghandler.h">
      <Filter>Header Files\ui</Filter>
    </QtMoc>
  </ItemGroup>
</Project>