<?xml version="1.0" encoding="utf-8"?>
<Project ToolsVersion="4.0" xmlns="http://schemas.microsoft.com/developer/msbuild/2003">
  <ItemGroup>
    <Filter Include="Исходные файлы">
      <UniqueIdentifier>{4FC737F1-C7A5-4376-A066-2A32D752A2FF}</UniqueIdentifier>
      <Extensions>cpp;c;cc;cxx;c++;cppm;ixx;def;odl;idl;hpj;bat;asm;asmx</Extensions>
    </Filter>
    <Filter Include="Файлы заголовков">
      <UniqueIdentifier>{93995380-89BD-4b04-88EB-625FBE52EBFB}</UniqueIdentifier>
      <Extensions>h;hh;hpp;hxx;h++;hm;inl;inc;ipp;xsd</Extensions>
    </Filter>
    <Filter Include="Файлы ресурсов">
      <UniqueIdentifier>{67DA6AB6-F800-4c08-8B7A-83BB121AAD01}</UniqueIdentifier>
      <Extensions>rc;ico;cur;bmp;dlg;rc2;rct;bin;rgs;gif;jpg;jpeg;jpe;resx;tiff;tif;png;wav;mfcribbon-ms</Extensions>
    </Filter>
    <Filter Include="Исходные файлы\Necromancy">
      <UniqueIdentifier>{ced7b97c-91f5-450c-b4f2-3fa0727e7c03}</UniqueIdentifier>
    </Filter>
    <Filter Include="Файлы заголовков\Necromancy">
      <UniqueIdentifier>{2a8cd26b-6c38-4572-9e3a-ec64bd5883e8}</UniqueIdentifier>
    </Filter>
    <Filter Include="Исходные файлы\Ipc">
      <UniqueIdentifier>{3835de61-2632-42c2-a8eb-503de71b54fc}</UniqueIdentifier>
    </Filter>
    <Filter Include="Файлы заголовков\Ipc">
      <UniqueIdentifier>{a4465ce7-1b08-4ade-aa68-a72a3eb42c7a}</UniqueIdentifier>
    </Filter>
    <Filter Include="Файлы заголовков\Necromancy\Internal">
      <UniqueIdentifier>{f273eb23-d5f5-4d28-9c0c-920fb4456e04}</UniqueIdentifier>
    </Filter>
    <Filter Include="Исходные файлы\Necromancy\Internal">
      <UniqueIdentifier>{62dee298-569c-428c-88f6-30d8c35b4eac}</UniqueIdentifier>
    </Filter>
    <Filter Include="protobuf">
      <UniqueIdentifier>{7a599a8d-a268-44e5-856b-7a72abe629eb}</UniqueIdentifier>
    </Filter>
    <Filter Include="Исходные файлы\Necromancy\Err">
      <UniqueIdentifier>{daded1df-41eb-4422-899a-7a95bb7f9104}</UniqueIdentifier>
    </Filter>
    <Filter Include="Файлы заголовков\Necromancy\Err">
      <UniqueIdentifier>{b1852708-28e5-4a55-8f86-2e6baffa6512}</UniqueIdentifier>
    </Filter>
  </ItemGroup>
  <ItemGroup>
    <ClInclude Include="pch.h">
      <Filter>Файлы заголовков</Filter>
    </ClInclude>
    <ClInclude Include="ChannelReader.h">
      <Filter>Файлы заголовков\Necromancy</Filter>
    </ClInclude>
    <ClInclude Include="ProtobufSender.h">
      <Filter>Файлы заголовков\Ipc</Filter>
    </ClInclude>
    <ClInclude Include="StaticQuest3DFuncs.h">
      <Filter>Файлы заголовков\Necromancy</Filter>
    </ClInclude>
    <ClInclude Include="EngineInterfaceProxy.h">
      <Filter>Файлы заголовков\Necromancy</Filter>
    </ClInclude>
    <ClInclude Include="traits.hpp">
      <Filter>Файлы заголовков\Necromancy</Filter>
    </ClInclude>
    <ClInclude Include="ChannelCaller.hpp">
      <Filter>Файлы заголовков\Necromancy</Filter>
    </ClInclude>
    <ClInclude Include="InterestedChannel.h">
      <Filter>Файлы заголовков\Necromancy\Internal</Filter>
    </ClInclude>
    <ClInclude Include="DefaultCallers.hpp">
      <Filter>Файлы заголовков\Necromancy\Internal</Filter>
    </ClInclude>
    <ClInclude Include="ArrayTableReader.h">
      <Filter>Файлы заголовков\Necromancy\Internal</Filter>
    </ClInclude>
    <ClInclude Include="vtablehelpers.hpp">
      <Filter>Файлы заголовков\Necromancy\Internal</Filter>
    </ClInclude>
    <ClInclude Include="protobuf\asdata.pb.h">
      <Filter>protobuf</Filter>
    </ClInclude>
    <ClInclude Include="InitializationError.h">
      <Filter>Файлы заголовков</Filter>
    </ClInclude>
  </ItemGroup>
  <ItemGroup>
    <ClCompile Include="dllmain.cpp">
      <Filter>Исходные файлы</Filter>
    </ClCompile>
    <ClCompile Include="pch.cpp">
      <Filter>Исходные файлы</Filter>
    </ClCompile>
    <ClCompile Include="ChannelReader.cpp">
      <Filter>Исходные файлы\Necromancy</Filter>
    </ClCompile>
    <ClCompile Include="ProtobufSender.cpp">
      <Filter>Исходные файлы\Ipc</Filter>
    </ClCompile>
    <ClCompile Include="StaticQuest3DFuncs.cpp">
      <Filter>Исходные файлы</Filter>
    </ClCompile>
    <ClCompile Include="EngineInterfaceProxy.cpp">
      <Filter>Исходные файлы\Necromancy</Filter>
    </ClCompile>
    <ClCompile Include="ChannelCaller.cpp">
      <Filter>Исходные файлы\Necromancy</Filter>
    </ClCompile>
    <ClCompile Include="DefaultCallers_Float.cpp">
      <Filter>Исходные файлы\Necromancy\Internal</Filter>
    </ClCompile>
    <ClCompile Include="DefaultCallers_VoidPtr.cpp">
      <Filter>Исходные файлы\Necromancy\Internal</Filter>
    </ClCompile>
    <ClCompile Include="ArrayTableReader.cpp">
      <Filter>Исходные файлы\Necromancy\Internal</Filter>
    </ClCompile>
    <ClCompile Include="protobuf\asdata.pb.cc">
      <Filter>protobuf</Filter>
    </ClCompile>
    <ClCompile Include="InitializationError.cpp">
      <Filter>Исходные файлы\Necromancy\Err</Filter>
    </ClCompile>
  </ItemGroup>
  <ItemGroup>
    <None Include="protobuf\asdata.proto">
      <Filter>protobuf</Filter>
    </None>
  </ItemGroup>
</Project>