<?xml version="1.0" encoding="utf-8"?>
<Project ToolsVersion="4.0" xmlns="http://schemas.microsoft.com/developer/msbuild/2003">
  <ItemGroup>
    <Filter Include="Файлы ресурсов">
      <UniqueIdentifier>{67DA6AB6-F800-4c08-8B7A-83BB121AAD01}</UniqueIdentifier>
      <Extensions>rc;ico;cur;bmp;dlg;rc2;rct;bin;rgs;gif;jpg;jpeg;jpe;resx;tiff;tif;png;wav;mfcribbon-ms</Extensions>
    </Filter>
    <Filter Include="Source Files">
      <UniqueIdentifier>{4FC737F1-C7A5-4376-A066-2A32D752A2FF}</UniqueIdentifier>
      <Extensions>cpp;c;cc;cxx;c++;cppm;ixx;def;odl;idl;hpj;bat;asm;asmx</Extensions>
    </Filter>
    <Filter Include="Source Files\memory">
      <UniqueIdentifier>{a4778ae3-7b04-43cf-b1f2-cd224b4f6c3f}</UniqueIdentifier>
    </Filter>
    <Filter Include="Source Files\ipc">
      <UniqueIdentifier>{b38698fc-a2a5-4ebe-8e64-d092b69ea5ce}</UniqueIdentifier>
    </Filter>
    <Filter Include="Source Files\hooks">
      <UniqueIdentifier>{118b3219-d3ee-4db6-b89a-2eeba89165c6}</UniqueIdentifier>
    </Filter>
    <Filter Include="Headers">
      <UniqueIdentifier>{93995380-89BD-4b04-88EB-625FBE52EBFB}</UniqueIdentifier>
      <Extensions>h;hh;hpp;hxx;h++;hm;inl;inc;ipp;xsd</Extensions>
    </Filter>
    <Filter Include="Headers\ipc">
      <UniqueIdentifier>{682eca3c-04a0-4cba-9e6e-d1b1ee78ad1f}</UniqueIdentifier>
    </Filter>
    <Filter Include="Headers\hooks">
      <UniqueIdentifier>{6e984c6a-5d97-4e6e-baa1-f1262283afcb}</UniqueIdentifier>
    </Filter>
    <Filter Include="Headers\exceptions">
      <UniqueIdentifier>{a4064b59-b398-49c2-9a1a-2e49e7ba82e7}</UniqueIdentifier>
    </Filter>
    <Filter Include="Headers\log">
      <UniqueIdentifier>{16612526-d69e-4dbf-b3c2-23a56fa40056}</UniqueIdentifier>
    </Filter>
    <Filter Include="Source Files\log">
      <UniqueIdentifier>{91341c5f-0c8e-4d18-98f9-90f0be740695}</UniqueIdentifier>
    </Filter>
    <Filter Include="Source Files\helpers">
      <UniqueIdentifier>{a13a74e8-d4b6-4d9e-98bd-ff29c32bc142}</UniqueIdentifier>
    </Filter>
    <Filter Include="Headers\helpers">
      <UniqueIdentifier>{7838364c-2e25-49da-ae01-f6a928aeea65}</UniqueIdentifier>
    </Filter>
    <Filter Include="Headers\memory">
      <UniqueIdentifier>{8a9cd464-2db7-4018-a038-f6221e45b395}</UniqueIdentifier>
    </Filter>
    <Filter Include="Headers\hooks\wrappers">
      <UniqueIdentifier>{71a0a889-5af2-4870-aae5-64ddb1affffd}</UniqueIdentifier>
    </Filter>
    <Filter Include="Source Files\hooks\wrappers">
      <UniqueIdentifier>{75f4b6e8-42c1-4d2a-b9e7-940060d9e855}</UniqueIdentifier>
    </Filter>
  </ItemGroup>
  <ItemGroup>
    <ClInclude Include="pch.h">
      <Filter>Headers</Filter>
    </ClInclude>
    <ClInclude Include="vftableutils.hpp">
      <Filter>Headers\memory</Filter>
    </ClInclude>
    <ClInclude Include="typedefs.h">
      <Filter>Headers\hooks</Filter>
    </ClInclude>
    <ClInclude Include="q3ddetours.h">
      <Filter>Headers\hooks</Filter>
    </ClInclude>
    <ClInclude Include="hkfunctions.h">
      <Filter>Headers\hooks</Filter>
    </ClInclude>
    <ClInclude Include="hook.h">
      <Filter>Headers\hooks</Filter>
    </ClInclude>
    <ClInclude Include="taggedexception.hpp">
      <Filter>Headers\exceptions</Filter>
    </ClInclude>
    <ClInclude Include="q3dchannelreader.h">
      <Filter>Headers\memory</Filter>
    </ClInclude>
    <ClInclude Include="q3dfloatreader.h">
      <Filter>Headers\memory</Filter>
    </ClInclude>
    <ClInclude Include="q3darraytablereader.h">
      <Filter>Headers\memory</Filter>
    </ClInclude>
    <ClInclude Include="engine.h">
      <Filter>Headers</Filter>
    </ClInclude>
    <ClInclude Include="load.h">
      <Filter>Headers</Filter>
    </ClInclude>
    <ClInclude Include="ipcchannel.h">
      <Filter>Headers\ipc</Filter>
    </ClInclude>
    <ClInclude Include="q3dprimitivereader.h">
      <Filter>Headers\memory</Filter>
    </ClInclude>
    <ClInclude Include="logger.h">
      <Filter>Headers\log</Filter>
    </ClInclude>
    <ClInclude Include="genericutils.h">
      <Filter>Headers\helpers</Filter>
    </ClInclude>
    <ClInclude Include="version.h">
      <Filter>Headers\helpers</Filter>
    </ClInclude>
    <ClInclude Include="vtabledef.h">
      <Filter>Headers\memory</Filter>
    </ClInclude>
    <ClInclude Include="proxymemoryobject.h">
      <Filter>Headers\hooks\wrappers</Filter>
    </ClInclude>
    <ClInclude Include="acofloatchannel.h">
      <Filter>Headers\hooks\wrappers</Filter>
    </ClInclude>
    <ClInclude Include="corechannels.h">
      <Filter>Headers\hooks\wrappers</Filter>
    </ClInclude>
  </ItemGroup>
  <ItemGroup>
    <ClCompile Include="dllmain.cpp">
      <Filter>Source Files</Filter>
    </ClCompile>
    <ClCompile Include="pch.cpp">
      <Filter>Source Files</Filter>
    </ClCompile>
    <ClCompile Include="hkfunctions.cpp">
      <Filter>Source Files\hooks</Filter>
    </ClCompile>
    <ClCompile Include="hook.cpp">
      <Filter>Source Files\hooks</Filter>
    </ClCompile>
    <ClCompile Include="taggedexception.cpp">
      <Filter>Source Files</Filter>
    </ClCompile>
    <ClCompile Include="q3dchannelreader.cpp">
      <Filter>Source Files\memory</Filter>
    </ClCompile>
    <ClCompile Include="q3dfloatreader.cpp">
      <Filter>Source Files\memory</Filter>
    </ClCompile>
    <ClCompile Include="q3darraytablereader.cpp">
      <Filter>Source Files\memory</Filter>
    </ClCompile>
    <ClCompile Include="engine.cpp">
      <Filter>Source Files</Filter>
    </ClCompile>
    <ClCompile Include="load.cpp">
      <Filter>Source Files</Filter>
    </ClCompile>
    <ClCompile Include="ipcchannel.cpp">
      <Filter>Source Files\ipc</Filter>
    </ClCompile>
    <ClCompile Include="logger.cpp">
      <Filter>Source Files\log</Filter>
    </ClCompile>
    <ClCompile Include="genericutils.cpp">
      <Filter>Source Files\helpers</Filter>
    </ClCompile>
    <ClCompile Include="proxymemoryobject.cpp">
      <Filter>Source Files\hooks\wrappers</Filter>
    </ClCompile>
    <ClCompile Include="acofloatchannel.cpp">
      <Filter>Source Files\hooks\wrappers</Filter>
    </ClCompile>
    <ClCompile Include="arrayvaluechannel.cpp">
      <Filter>Source Files\hooks\wrappers</Filter>
    </ClCompile>
    <ClCompile Include="corechannels.cpp">
      <Filter>Source Files\hooks\wrappers</Filter>
    </ClCompile>
  </ItemGroup>
  <ItemGroup>
    <None Include="cpp.hint" />
    <None Include="arrayvaluechannel.h">
      <Filter>Headers\hooks\wrappers</Filter>
    </None>
  </ItemGroup>
</Project>